
Microsoft Visual Studio Solution File, Format Version 12.00
# Visual Studio Version 17
VisualStudioVersion = 17.14.36310.24 d17.14
MinimumVisualStudioVersion = 10.0.40219.1
Project("{FAE04EC0-301F-11D3-BF4B-00C04F79EFBC}") = "BankAccountAbstraction.cs", "BankAccountAbstraction.cs\BankAccountAbstraction.cs.csproj", "{F058382A-BB4E-4493-A2B3-5E473D0C78A6}"
EndProject
Global
	GlobalSection(SolutionConfigurationPlatforms) = preSolution
		Debug|Any CPU = Debug|Any CPU
		Release|Any CPU = Release|Any CPU
	EndGlobalSection
	GlobalSection(ProjectConfigurationPlatforms) = postSolution
		{F058382A-BB4E-4493-A2B3-5E473D0C78A6}.Debug|Any CPU.ActiveCfg = Debug|Any CPU
		{F058382A-BB4E-4493-A2B3-5E473D0C78A6}.Debug|Any CPU.Build.0 = Debug|Any CPU
		{F058382A-BB4E-4493-A2B3-5E473D0C78A6}.Release|Any CPU.ActiveCfg = Release|Any CPU
		{F058382A-BB4E-4493-A2B3-5E473D0C78A6}.Release|Any CPU.Build.0 = Release|Any CPU
	EndGlobalSection
	GlobalSection(SolutionProperties) = preSolution
		HideSolutionNode = FALSE
	EndGlobalSection
	GlobalSection(ExtensibilityGlobals) = postSolution
		SolutionGuid = {9F90884A-BE54-4282-9902-E346A4BCFF93}
	EndGlobalSection
EndGlobal
