
Microsoft Visual Studio Solution File, Format Version 12.00
# Visual Studio Version 17
VisualStudioVersion = 17.14.36310.24 d17.14
MinimumVisualStudioVersion = 10.0.40219.1
Project("{FAE04EC0-301F-11D3-BF4B-00C04F79EFBC}") = "PaymentProcessingSystem", "PaymentProcessingSystem\PaymentProcessingSystem.csproj", "{23FE241C-E6B4-4862-AF49-70BB58F8CA1F}"
EndProject
Global
	GlobalSection(SolutionConfigurationPlatforms) = preSolution
		Debug|Any CPU = Debug|Any CPU
		Release|Any CPU = Release|Any CPU
	EndGlobalSection
	GlobalSection(ProjectConfigurationPlatforms) = postSolution
		{23FE241C-E6B4-4862-AF49-70BB58F8CA1F}.Debug|Any CPU.ActiveCfg = Debug|Any CPU
		{23FE241C-E6B4-4862-AF49-70BB58F8CA1F}.Debug|Any CPU.Build.0 = Debug|Any CPU
		{23FE241C-E6B4-4862-AF49-70BB58F8CA1F}.Release|Any CPU.ActiveCfg = Release|Any CPU
		{23FE241C-E6B4-4862-AF49-70BB58F8CA1F}.Release|Any CPU.Build.0 = Release|Any CPU
	EndGlobalSection
	GlobalSection(SolutionProperties) = preSolution
		HideSolutionNode = FALSE
	EndGlobalSection
	GlobalSection(ExtensibilityGlobals) = postSolution
		SolutionGuid = {2E0D7D45-8BFE-4399-B469-4FB1440319C7}
	EndGlobalSection
EndGlobal
