
Microsoft Visual Studio Solution File, Format Version 12.00
# Visual Studio Version 17
VisualStudioVersion = 17.14.36310.24 d17.14
MinimumVisualStudioVersion = 10.0.40219.1
Project("{FAE04EC0-301F-11D3-BF4B-00C04F79EFBC}") = "NumberStatus", "NumberStatus\NumberStatus.csproj", "{B668C93F-F41D-415E-A166-E38857E08229}"
EndProject
Global
	GlobalSection(SolutionConfigurationPlatforms) = preSolution
		Debug|Any CPU = Debug|Any CPU
		Release|Any CPU = Release|Any CPU
	EndGlobalSection
	GlobalSection(ProjectConfigurationPlatforms) = postSolution
		{B668C93F-F41D-415E-A166-E38857E08229}.Debug|Any CPU.ActiveCfg = Debug|Any CPU
		{B668C93F-F41D-415E-A166-E38857E08229}.Debug|Any CPU.Build.0 = Debug|Any CPU
		{B668C93F-F41D-415E-A166-E38857E08229}.Release|Any CPU.ActiveCfg = Release|Any CPU
		{B668C93F-F41D-415E-A166-E38857E08229}.Release|Any CPU.Build.0 = Release|Any CPU
	EndGlobalSection
	GlobalSection(SolutionProperties) = preSolution
		HideSolutionNode = FALSE
	EndGlobalSection
	GlobalSection(ExtensibilityGlobals) = postSolution
		SolutionGuid = {9A118D3B-BBC6-46EC-A7ED-46938ECC8544}
	EndGlobalSection
EndGlobal
