
Microsoft Visual Studio Solution File, Format Version 12.00
# Visual Studio Version 17
VisualStudioVersion = 17.14.36310.24 d17.14
MinimumVisualStudioVersion = 10.0.40219.1
Project("{FAE04EC0-301F-11D3-BF4B-00C04F79EFBC}") = "RestaurantDessertPreparation", "RestaurantDessertPreparation\RestaurantDessertPreparation.csproj", "{1C01FD50-4C34-46B8-985C-CF9DEE32587A}"
EndProject
Global
	GlobalSection(SolutionConfigurationPlatforms) = preSolution
		Debug|Any CPU = Debug|Any CPU
		Release|Any CPU = Release|Any CPU
	EndGlobalSection
	GlobalSection(ProjectConfigurationPlatforms) = postSolution
		{1C01FD50-4C34-46B8-985C-CF9DEE32587A}.Debug|Any CPU.ActiveCfg = Debug|Any CPU
		{1C01FD50-4C34-46B8-985C-CF9DEE32587A}.Debug|Any CPU.Build.0 = Debug|Any CPU
		{1C01FD50-4C34-46B8-985C-CF9DEE32587A}.Release|Any CPU.ActiveCfg = Release|Any CPU
		{1C01FD50-4C34-46B8-985C-CF9DEE32587A}.Release|Any CPU.Build.0 = Release|Any CPU
	EndGlobalSection
	GlobalSection(SolutionProperties) = preSolution
		HideSolutionNode = FALSE
	EndGlobalSection
	GlobalSection(ExtensibilityGlobals) = postSolution
		SolutionGuid = {F61B71B8-44DE-4080-836B-642E6B9506F4}
	EndGlobalSection
EndGlobal
