
Microsoft Visual Studio Solution File, Format Version 12.00
# Visual Studio Version 17
VisualStudioVersion = 17.14.36310.24 d17.14
MinimumVisualStudioVersion = 10.0.40219.1
Project("{FAE04EC0-301F-11D3-BF4B-00C04F79EFBC}") = "EmployeeSortingAndGrouping.cs", "EmployeeSortingAndGrouping.cs\EmployeeSortingAndGrouping.cs.csproj", "{7CF6C8ED-F4C0-491B-ADE2-DE02F8FF70B2}"
EndProject
Global
	GlobalSection(SolutionConfigurationPlatforms) = preSolution
		Debug|Any CPU = Debug|Any CPU
		Release|Any CPU = Release|Any CPU
	EndGlobalSection
	GlobalSection(ProjectConfigurationPlatforms) = postSolution
		{7CF6C8ED-F4C0-491B-ADE2-DE02F8FF70B2}.Debug|Any CPU.ActiveCfg = Debug|Any CPU
		{7CF6C8ED-F4C0-491B-ADE2-DE02F8FF70B2}.Debug|Any CPU.Build.0 = Debug|Any CPU
		{7CF6C8ED-F4C0-491B-ADE2-DE02F8FF70B2}.Release|Any CPU.ActiveCfg = Release|Any CPU
		{7CF6C8ED-F4C0-491B-ADE2-DE02F8FF70B2}.Release|Any CPU.Build.0 = Release|Any CPU
	EndGlobalSection
	GlobalSection(SolutionProperties) = preSolution
		HideSolutionNode = FALSE
	EndGlobalSection
	GlobalSection(ExtensibilityGlobals) = postSolution
		SolutionGuid = {FFF1C0F9-7BD5-4A2C-9D49-A9F498F0A8FE}
	EndGlobalSection
EndGlobal
